
Microsoft Visual Studio Solution File, Format Version 12.00
# Visual Studio Version 17
VisualStudioVersion = 17.4.33213.308
MinimumVisualStudioVersion = 10.0.40219.1
Project("{FAE04EC0-301F-11D3-BF4B-00C04F79EFBC}") = "MultiThreadDemo", "MultiThreadDemo\MultiThreadDemo.csproj", "{B936E213-2E9C-4CAF-86BE-E059A092DB48}"
EndProject
Global
	GlobalSection(SolutionConfigurationPlatforms) = preSolution
		Debug|Any CPU = Debug|Any CPU
		Release|Any CPU = Release|Any CPU
	EndGlobalSection
	GlobalSection(ProjectConfigurationPlatforms) = postSolution
		{B936E213-2E9C-4CAF-86BE-E059A092DB48}.Debug|Any CPU.ActiveCfg = Debug|Any CPU
		{B936E213-2E9C-4CAF-86BE-E059A092DB48}.Debug|Any CPU.Build.0 = Debug|Any CPU
		{B936E213-2E9C-4CAF-86BE-E059A092DB48}.Release|Any CPU.ActiveCfg = Release|Any CPU
		{B936E213-2E9C-4CAF-86BE-E059A092DB48}.Release|Any CPU.Build.0 = Release|Any CPU
	EndGlobalSection
	GlobalSection(SolutionProperties) = preSolution
		HideSolutionNode = FALSE
	EndGlobalSection
	GlobalSection(ExtensibilityGlobals) = postSolution
		SolutionGuid = {8DDC34AC-54A7-4195-8BAA-501B88854FD2}
	EndGlobalSection
EndGlobal
