
Microsoft Visual Studio Solution File, Format Version 12.00
# Visual Studio Version 17
VisualStudioVersion = 17.4.33213.308
MinimumVisualStudioVersion = 10.0.40219.1
Project("{FAE04EC0-301F-11D3-BF4B-00C04F79EFBC}") = "DemoLab1", "DemoLab1\DemoLab1.csproj", "{2B162161-D0B3-4351-A305-5BB7F0115B8E}"
EndProject
Global
	GlobalSection(SolutionConfigurationPlatforms) = preSolution
		Debug|Any CPU = Debug|Any CPU
		Release|Any CPU = Release|Any CPU
	EndGlobalSection
	GlobalSection(ProjectConfigurationPlatforms) = postSolution
		{2B162161-D0B3-4351-A305-5BB7F0115B8E}.Debug|Any CPU.ActiveCfg = Debug|Any CPU
		{2B162161-D0B3-4351-A305-5BB7F0115B8E}.Debug|Any CPU.Build.0 = Debug|Any CPU
		{2B162161-D0B3-4351-A305-5BB7F0115B8E}.Release|Any CPU.ActiveCfg = Release|Any CPU
		{2B162161-D0B3-4351-A305-5BB7F0115B8E}.Release|Any CPU.Build.0 = Release|Any CPU
	EndGlobalSection
	GlobalSection(SolutionProperties) = preSolution
		HideSolutionNode = FALSE
	EndGlobalSection
	GlobalSection(ExtensibilityGlobals) = postSolution
		SolutionGuid = {97D130E9-90A9-4C8F-B4B0-0C8435439C49}
	EndGlobalSection
EndGlobal
